
Microsoft Visual Studio Solution File, Format Version 12.00
# Visual Studio 14
VisualStudioVersion = 14.0.25420.1
MinimumVisualStudioVersion = 10.0.40219.1
Project("{FAE04EC0-301F-11D3-BF4B-00C04F79EFBC}") = "Transport", "Transport\Transport.csproj", "{94FBC18E-65CB-411D-9601-8084357AE523}"
	ProjectSection(ProjectDependencies) = postProject
		{A9AE40FF-1A21-414A-9FE7-3BE13644CC6D} = {A9AE40FF-1A21-414A-9FE7-3BE13644CC6D}
	EndProjectSection
EndProject
Project("{FAE04EC0-301F-11D3-BF4B-00C04F79EFBC}") = "DataBaseTest", "DataBaseTest\DataBaseTest.csproj", "{45F59BA6-054B-4659-92F3-1F6A7790FA2E}"
	ProjectSection(ProjectDependencies) = postProject
		{94FBC18E-65CB-411D-9601-8084357AE523} = {94FBC18E-65CB-411D-9601-8084357AE523}
	EndProjectSection
EndProject
Project("{FAE04EC0-301F-11D3-BF4B-00C04F79EFBC}") = "Newtonsoft.Json.Net40", "Newtonsoft.Json\Src\Newtonsoft.Json\Newtonsoft.Json.Net40.csproj", "{A9AE40FF-1A21-414A-9FE7-3BE13644CC6D}"
EndProject
Global
	GlobalSection(SolutionConfigurationPlatforms) = preSolution
		Debug|Any CPU = Debug|Any CPU
		Release|Any CPU = Release|Any CPU
	EndGlobalSection
	GlobalSection(ProjectConfigurationPlatforms) = postSolution
		{94FBC18E-65CB-411D-9601-8084357AE523}.Debug|Any CPU.ActiveCfg = Debug|Any CPU
		{94FBC18E-65CB-411D-9601-8084357AE523}.Debug|Any CPU.Build.0 = Debug|Any CPU
		{94FBC18E-65CB-411D-9601-8084357AE523}.Release|Any CPU.ActiveCfg = Release|Any CPU
		{94FBC18E-65CB-411D-9601-8084357AE523}.Release|Any CPU.Build.0 = Release|Any CPU
		{45F59BA6-054B-4659-92F3-1F6A7790FA2E}.Debug|Any CPU.ActiveCfg = Debug|Any CPU
		{45F59BA6-054B-4659-92F3-1F6A7790FA2E}.Debug|Any CPU.Build.0 = Debug|Any CPU
		{45F59BA6-054B-4659-92F3-1F6A7790FA2E}.Release|Any CPU.ActiveCfg = Release|Any CPU
		{45F59BA6-054B-4659-92F3-1F6A7790FA2E}.Release|Any CPU.Build.0 = Release|Any CPU
		{A9AE40FF-1A21-414A-9FE7-3BE13644CC6D}.Debug|Any CPU.ActiveCfg = Debug|Any CPU
		{A9AE40FF-1A21-414A-9FE7-3BE13644CC6D}.Debug|Any CPU.Build.0 = Debug|Any CPU
		{A9AE40FF-1A21-414A-9FE7-3BE13644CC6D}.Release|Any CPU.ActiveCfg = Release|Any CPU
		{A9AE40FF-1A21-414A-9FE7-3BE13644CC6D}.Release|Any CPU.Build.0 = Release|Any CPU
	EndGlobalSection
	GlobalSection(SolutionProperties) = preSolution
		HideSolutionNode = FALSE
	EndGlobalSection
EndGlobal
