
Microsoft Visual Studio Solution File, Format Version 12.00
# Visual Studio 14
VisualStudioVersion = 14.0.25420.1
MinimumVisualStudioVersion = 10.0.40219.1
Project("{FAE04EC0-301F-11D3-BF4B-00C04F79EFBC}") = "Fibonachi", "FIbonachi\Fibonachi.csproj", "{1E2F4300-C2D1-4C73-B5D3-572EA24CA3EB}"
EndProject
Project("{FAE04EC0-301F-11D3-BF4B-00C04F79EFBC}") = "Fibonachi.Test", "Fibonachi.Test\Fibonachi.Test.csproj", "{CAA7D77E-6F95-48C7-A0A7-7C664FFFDA6B}"
EndProject
Global
	GlobalSection(SolutionConfigurationPlatforms) = preSolution
		Debug|Any CPU = Debug|Any CPU
		Release|Any CPU = Release|Any CPU
	EndGlobalSection
	GlobalSection(ProjectConfigurationPlatforms) = postSolution
		{1E2F4300-C2D1-4C73-B5D3-572EA24CA3EB}.Debug|Any CPU.ActiveCfg = Debug|Any CPU
		{1E2F4300-C2D1-4C73-B5D3-572EA24CA3EB}.Debug|Any CPU.Build.0 = Debug|Any CPU
		{1E2F4300-C2D1-4C73-B5D3-572EA24CA3EB}.Release|Any CPU.ActiveCfg = Release|Any CPU
		{1E2F4300-C2D1-4C73-B5D3-572EA24CA3EB}.Release|Any CPU.Build.0 = Release|Any CPU
		{CAA7D77E-6F95-48C7-A0A7-7C664FFFDA6B}.Debug|Any CPU.ActiveCfg = Debug|Any CPU
		{CAA7D77E-6F95-48C7-A0A7-7C664FFFDA6B}.Debug|Any CPU.Build.0 = Debug|Any CPU
		{CAA7D77E-6F95-48C7-A0A7-7C664FFFDA6B}.Release|Any CPU.ActiveCfg = Release|Any CPU
		{CAA7D77E-6F95-48C7-A0A7-7C664FFFDA6B}.Release|Any CPU.Build.0 = Release|Any CPU
	EndGlobalSection
	GlobalSection(SolutionProperties) = preSolution
		HideSolutionNode = FALSE
	EndGlobalSection
EndGlobal
